// !$*UTF8*$!
{
	archiveVersion = 1;
	classes = {
	};
	objectVersion = 50;
	objects = {

/* Begin PBXBuildFile section */
		025E461CE97E70BBE95BAB7E /* libPods-SimpsonsViewer.a in Frameworks */ = {isa = PBXBuildFile; fileRef = 9254F4EF13982E40DBAA10F9 /* libPods-SimpsonsViewer.a */; };
		2F55CC1CD8C04F5EE94B5132 /* libPods-WireViewer.a in Frameworks */ = {isa = PBXBuildFile; fileRef = E5A0FE0A5D1C3BA0D137B8E8 /* libPods-WireViewer.a */; };
		4B1034E220D8776C00E77708 /* Consants.swift in Sources */ = {isa = PBXBuildFile; fileRef = 4B1034E120D8776C00E77708 /* Consants.swift */; };
		4B1034E320D8776C00E77708 /* Consants.swift in Sources */ = {isa = PBXBuildFile; fileRef = 4B1034E120D8776C00E77708 /* Consants.swift */; };
		4B1CEDBC20E91FE200220669 /* Constants.m in Sources */ = {isa = PBXBuildFile; fileRef = 4B1CEDBB20E91FE200220669 /* Constants.m */; };
		4B1CEDBF20E92E7700220669 /* MasterCollectionViewController.m in Sources */ = {isa = PBXBuildFile; fileRef = 4B1CEDBE20E92E7700220669 /* MasterCollectionViewController.m */; };
		4B1CEDC220E9340400220669 /* MasterCollectionCells.m in Sources */ = {isa = PBXBuildFile; fileRef = 4B1CEDC120E9340400220669 /* MasterCollectionCells.m */; };
		4B383F0A20D8A64200708F6F /* Assets.xcassets in Resources */ = {isa = PBXBuildFile; fileRef = 4BFB765020D86CAF00F44CF8 /* Assets.xcassets */; };
		4B383F0B20D8A64300708F6F /* Assets.xcassets in Resources */ = {isa = PBXBuildFile; fileRef = 4BFB765020D86CAF00F44CF8 /* Assets.xcassets */; };
		4B3AC40E20D96E7D0062D12B /* MasterCollectionViewController.swift in Sources */ = {isa = PBXBuildFile; fileRef = 4B3AC40D20D96E7D0062D12B /* MasterCollectionViewController.swift */; };
		4B3AC40F20D96E7D0062D12B /* MasterCollectionViewController.swift in Sources */ = {isa = PBXBuildFile; fileRef = 4B3AC40D20D96E7D0062D12B /* MasterCollectionViewController.swift */; };
		4B3AC41120D97B140062D12B /* MasterCollectionCells.swift in Sources */ = {isa = PBXBuildFile; fileRef = 4B3AC41020D97B140062D12B /* MasterCollectionCells.swift */; };
		4B3AC41220D97B140062D12B /* MasterCollectionCells.swift in Sources */ = {isa = PBXBuildFile; fileRef = 4B3AC41020D97B140062D12B /* MasterCollectionCells.swift */; };
		4B4BA49B20E13483004042C1 /* DataMgr.swift in Sources */ = {isa = PBXBuildFile; fileRef = 4B4BA49A20E13483004042C1 /* DataMgr.swift */; };
		4B4BA49C20E13483004042C1 /* DataMgr.swift in Sources */ = {isa = PBXBuildFile; fileRef = 4B4BA49A20E13483004042C1 /* DataMgr.swift */; };
		4B85209C20D951B9003C447B /* MasterViewController.swift in Sources */ = {isa = PBXBuildFile; fileRef = 4B85209B20D951B9003C447B /* MasterViewController.swift */; };
		4B85209D20D951B9003C447B /* MasterViewController.swift in Sources */ = {isa = PBXBuildFile; fileRef = 4B85209B20D951B9003C447B /* MasterViewController.swift */; };
		4BADCCCB20E85C3C008DFD2C /* DataMgr.m in Sources */ = {isa = PBXBuildFile; fileRef = 4BADCCCA20E85C3C008DFD2C /* DataMgr.m */; };
		4BFAC5FD20E84BAF00CC331C /* DetailViewController.m in Sources */ = {isa = PBXBuildFile; fileRef = 4BFAC5F620E84BAF00CC331C /* DetailViewController.m */; };
		4BFAC5FE20E84BAF00CC331C /* main.m in Sources */ = {isa = PBXBuildFile; fileRef = 4BFAC5F820E84BAF00CC331C /* main.m */; };
		4BFAC5FF20E84BAF00CC331C /* AppDelegate.m in Sources */ = {isa = PBXBuildFile; fileRef = 4BFAC5F920E84BAF00CC331C /* AppDelegate.m */; };
		4BFAC60020E84BAF00CC331C /* SimpsonsViewerOC.plist in Resources */ = {isa = PBXBuildFile; fileRef = 4BFAC5FA20E84BAF00CC331C /* SimpsonsViewerOC.plist */; };
		4BFAC60120E84BAF00CC331C /* MasterViewController.m in Sources */ = {isa = PBXBuildFile; fileRef = 4BFAC5FB20E84BAF00CC331C /* MasterViewController.m */; };
		4BFAC60220E84C1E00CC331C /* Main.storyboard in Resources */ = {isa = PBXBuildFile; fileRef = 4BFB764D20D86CAE00F44CF8 /* Main.storyboard */; };
		4BFAC60320E84C2200CC331C /* Assets.xcassets in Resources */ = {isa = PBXBuildFile; fileRef = 4BFB765020D86CAF00F44CF8 /* Assets.xcassets */; };
		4BFAC60420E84C2600CC331C /* LaunchScreen.storyboard in Resources */ = {isa = PBXBuildFile; fileRef = 4BFB765220D86CAF00F44CF8 /* LaunchScreen.storyboard */; };
		4BFAC60520E84C2E00CC331C /* Default-568h@2x.png in Resources */ = {isa = PBXBuildFile; fileRef = 4BFB768C20D8703600F44CF8 /* Default-568h@2x.png */; };
		4BFB768220D86F1B00F44CF8 /* AppDelegate.swift in Sources */ = {isa = PBXBuildFile; fileRef = 4BFB764720D86CAE00F44CF8 /* AppDelegate.swift */; };
		4BFB768320D86F1C00F44CF8 /* AppDelegate.swift in Sources */ = {isa = PBXBuildFile; fileRef = 4BFB764720D86CAE00F44CF8 /* AppDelegate.swift */; };
		4BFB768620D86F2500F44CF8 /* DetailViewController.swift in Sources */ = {isa = PBXBuildFile; fileRef = 4BFB764B20D86CAE00F44CF8 /* DetailViewController.swift */; };
		4BFB768720D86F2500F44CF8 /* DetailViewController.swift in Sources */ = {isa = PBXBuildFile; fileRef = 4BFB764B20D86CAE00F44CF8 /* DetailViewController.swift */; };
		4BFB768820D86F2900F44CF8 /* Main.storyboard in Resources */ = {isa = PBXBuildFile; fileRef = 4BFB764D20D86CAE00F44CF8 /* Main.storyboard */; };
		4BFB768920D86F2A00F44CF8 /* Main.storyboard in Resources */ = {isa = PBXBuildFile; fileRef = 4BFB764D20D86CAE00F44CF8 /* Main.storyboard */; };
		4BFB768A20D86F3F00F44CF8 /* LaunchScreen.storyboard in Resources */ = {isa = PBXBuildFile; fileRef = 4BFB765220D86CAF00F44CF8 /* LaunchScreen.storyboard */; };
		4BFB768B20D86F3F00F44CF8 /* LaunchScreen.storyboard in Resources */ = {isa = PBXBuildFile; fileRef = 4BFB765220D86CAF00F44CF8 /* LaunchScreen.storyboard */; };
		4BFB768D20D8703600F44CF8 /* Default-568h@2x.png in Resources */ = {isa = PBXBuildFile; fileRef = 4BFB768C20D8703600F44CF8 /* Default-568h@2x.png */; };
		4BFB768E20D8703B00F44CF8 /* Default-568h@2x.png in Resources */ = {isa = PBXBuildFile; fileRef = 4BFB768C20D8703600F44CF8 /* Default-568h@2x.png */; };
		628CD7990E68C2B5609A0499 /* libPods-SimpsonsViewerOC.a in Frameworks */ = {isa = PBXBuildFile; fileRef = A30305886FA9E302C3B2C29C /* libPods-SimpsonsViewerOC.a */; };
/* End PBXBuildFile section */

/* Begin PBXFileReference section */
		4B1034E120D8776C00E77708 /* Consants.swift */ = {isa = PBXFileReference; lastKnownFileType = sourcecode.swift; path = Consants.swift; sourceTree = "<group>"; };
		4B1CEDBB20E91FE200220669 /* Constants.m */ = {isa = PBXFileReference; lastKnownFileType = sourcecode.c.objc; path = Constants.m; sourceTree = "<group>"; };
		4B1CEDBD20E9201C00220669 /* Constants.h */ = {isa = PBXFileReference; fileEncoding = 4; lastKnownFileType = sourcecode.c.h; path = Constants.h; sourceTree = "<group>"; };
		4B1CEDBE20E92E7700220669 /* MasterCollectionViewController.m */ = {isa = PBXFileReference; lastKnownFileType = sourcecode.c.objc; path = MasterCollectionViewController.m; sourceTree = "<group>"; };
		4B1CEDC020E92F7600220669 /* MasterCollectionViewController.h */ = {isa = PBXFileReference; lastKnownFileType = sourcecode.c.h; path = MasterCollectionViewController.h; sourceTree = "<group>"; };
		4B1CEDC120E9340400220669 /* MasterCollectionCells.m */ = {isa = PBXFileReference; lastKnownFileType = sourcecode.c.objc; path = MasterCollectionCells.m; sourceTree = "<group>"; };
		4B1CEDC320E9343200220669 /* MasterCollectionCells.h */ = {isa = PBXFileReference; fileEncoding = 4; lastKnownFileType = sourcecode.c.h; path = MasterCollectionCells.h; sourceTree = "<group>"; };
		4B3AC40D20D96E7D0062D12B /* MasterCollectionViewController.swift */ = {isa = PBXFileReference; lastKnownFileType = sourcecode.swift; path = MasterCollectionViewController.swift; sourceTree = "<group>"; };
		4B3AC41020D97B140062D12B /* MasterCollectionCells.swift */ = {isa = PBXFileReference; lastKnownFileType = sourcecode.swift; path = MasterCollectionCells.swift; sourceTree = "<group>"; };
		4B4BA49A20E13483004042C1 /* DataMgr.swift */ = {isa = PBXFileReference; lastKnownFileType = sourcecode.swift; path = DataMgr.swift; sourceTree = "<group>"; };
		4B5B2E7C20D872280008050C /* WireViewer.plist */ = {isa = PBXFileReference; lastKnownFileType = text.plist.xml; path = WireViewer.plist; sourceTree = SOURCE_ROOT; };
		4B5B2E7D20D872280008050C /* SimpsonsViewer.plist */ = {isa = PBXFileReference; lastKnownFileType = text.plist.xml; path = SimpsonsViewer.plist; sourceTree = SOURCE_ROOT; };
		4B85209B20D951B9003C447B /* MasterViewController.swift */ = {isa = PBXFileReference; lastKnownFileType = sourcecode.swift; path = MasterViewController.swift; sourceTree = "<group>"; };
		4BADCCC920E854B0008DFD2C /* ObjCBridgingHeader.h */ = {isa = PBXFileReference; fileEncoding = 4; lastKnownFileType = sourcecode.c.h; path = ObjCBridgingHeader.h; sourceTree = "<group>"; };
		4BADCCCA20E85C3C008DFD2C /* DataMgr.m */ = {isa = PBXFileReference; lastKnownFileType = sourcecode.c.objc; path = DataMgr.m; sourceTree = "<group>"; };
		4BADCCCC20E85E6C008DFD2C /* DataMgr.h */ = {isa = PBXFileReference; fileEncoding = 4; lastKnownFileType = sourcecode.c.h; path = DataMgr.h; sourceTree = "<group>"; };
		4BFAC5DA20E84A9400CC331C /* SimpsonsViewerOC.app */ = {isa = PBXFileReference; explicitFileType = wrapper.application; includeInIndex = 0; path = SimpsonsViewerOC.app; sourceTree = BUILT_PRODUCTS_DIR; };
		4BFAC5F520E84BAF00CC331C /* AppDelegate.h */ = {isa = PBXFileReference; fileEncoding = 4; lastKnownFileType = sourcecode.c.h; path = AppDelegate.h; sourceTree = "<group>"; };
		4BFAC5F620E84BAF00CC331C /* DetailViewController.m */ = {isa = PBXFileReference; fileEncoding = 4; lastKnownFileType = sourcecode.c.objc; path = DetailViewController.m; sourceTree = "<group>"; };
		4BFAC5F720E84BAF00CC331C /* MasterViewController.h */ = {isa = PBXFileReference; fileEncoding = 4; lastKnownFileType = sourcecode.c.h; path = MasterViewController.h; sourceTree = "<group>"; };
		4BFAC5F820E84BAF00CC331C /* main.m */ = {isa = PBXFileReference; fileEncoding = 4; lastKnownFileType = sourcecode.c.objc; path = main.m; sourceTree = "<group>"; };
		4BFAC5F920E84BAF00CC331C /* AppDelegate.m */ = {isa = PBXFileReference; fileEncoding = 4; lastKnownFileType = sourcecode.c.objc; path = AppDelegate.m; sourceTree = "<group>"; };
		4BFAC5FA20E84BAF00CC331C /* SimpsonsViewerOC.plist */ = {isa = PBXFileReference; fileEncoding = 4; lastKnownFileType = text.plist.xml; path = SimpsonsViewerOC.plist; sourceTree = "<group>"; };
		4BFAC5FB20E84BAF00CC331C /* MasterViewController.m */ = {isa = PBXFileReference; fileEncoding = 4; lastKnownFileType = sourcecode.c.objc; path = MasterViewController.m; sourceTree = "<group>"; };
		4BFAC5FC20E84BAF00CC331C /* DetailViewController.h */ = {isa = PBXFileReference; fileEncoding = 4; lastKnownFileType = sourcecode.c.h; path = DetailViewController.h; sourceTree = "<group>"; };
		4BFB764720D86CAE00F44CF8 /* AppDelegate.swift */ = {isa = PBXFileReference; lastKnownFileType = sourcecode.swift; path = AppDelegate.swift; sourceTree = "<group>"; };
		4BFB764B20D86CAE00F44CF8 /* DetailViewController.swift */ = {isa = PBXFileReference; lastKnownFileType = sourcecode.swift; path = DetailViewController.swift; sourceTree = "<group>"; };
		4BFB764E20D86CAE00F44CF8 /* Base */ = {isa = PBXFileReference; lastKnownFileType = file.storyboard; name = Base; path = Base.lproj/Main.storyboard; sourceTree = "<group>"; };
		4BFB765020D86CAF00F44CF8 /* Assets.xcassets */ = {isa = PBXFileReference; lastKnownFileType = folder.assetcatalog; path = Assets.xcassets; sourceTree = "<group>"; };
		4BFB765320D86CAF00F44CF8 /* Base */ = {isa = PBXFileReference; lastKnownFileType = file.storyboard; name = Base; path = Base.lproj/LaunchScreen.storyboard; sourceTree = "<group>"; };
		4BFB765F20D86CEF00F44CF8 /* SimpsonsViewer.app */ = {isa = PBXFileReference; explicitFileType = wrapper.application; includeInIndex = 0; path = SimpsonsViewer.app; sourceTree = BUILT_PRODUCTS_DIR; };
		4BFB768020D86D4700F44CF8 /* WireViewer.app */ = {isa = PBXFileReference; explicitFileType = wrapper.application; includeInIndex = 0; path = WireViewer.app; sourceTree = BUILT_PRODUCTS_DIR; };
		4BFB768C20D8703600F44CF8 /* Default-568h@2x.png */ = {isa = PBXFileReference; lastKnownFileType = image.png; path = "Default-568h@2x.png"; sourceTree = "<group>"; };
		7450EAF61C4CC8FDDF43F975 /* Pods-SimpsonsViewer.debug.xcconfig */ = {isa = PBXFileReference; includeInIndex = 1; lastKnownFileType = text.xcconfig; name = "Pods-SimpsonsViewer.debug.xcconfig"; path = "Pods/Target Support Files/Pods-SimpsonsViewer/Pods-SimpsonsViewer.debug.xcconfig"; sourceTree = "<group>"; };
		8A742D851B5223D82F0E0F63 /* Pods-SimpsonsViewerOC.debug.xcconfig */ = {isa = PBXFileReference; includeInIndex = 1; lastKnownFileType = text.xcconfig; name = "Pods-SimpsonsViewerOC.debug.xcconfig"; path = "Pods/Target Support Files/Pods-SimpsonsViewerOC/Pods-SimpsonsViewerOC.debug.xcconfig"; sourceTree = "<group>"; };
		9254F4EF13982E40DBAA10F9 /* libPods-SimpsonsViewer.a */ = {isa = PBXFileReference; explicitFileType = archive.ar; includeInIndex = 0; path = "libPods-SimpsonsViewer.a"; sourceTree = BUILT_PRODUCTS_DIR; };
		A30305886FA9E302C3B2C29C /* libPods-SimpsonsViewerOC.a */ = {isa = PBXFileReference; explicitFileType = archive.ar; includeInIndex = 0; path = "libPods-SimpsonsViewerOC.a"; sourceTree = BUILT_PRODUCTS_DIR; };
		A44610EA78822013C2C9BD02 /* Pods-SimpsonsViewer.release.xcconfig */ = {isa = PBXFileReference; includeInIndex = 1; lastKnownFileType = text.xcconfig; name = "Pods-SimpsonsViewer.release.xcconfig"; path = "Pods/Target Support Files/Pods-SimpsonsViewer/Pods-SimpsonsViewer.release.xcconfig"; sourceTree = "<group>"; };
		AB7CD5F299E65A8947734AE8 /* Pods-SimpsonsViewerOC.release.xcconfig */ = {isa = PBXFileReference; includeInIndex = 1; lastKnownFileType = text.xcconfig; name = "Pods-SimpsonsViewerOC.release.xcconfig"; path = "Pods/Target Support Files/Pods-SimpsonsViewerOC/Pods-SimpsonsViewerOC.release.xcconfig"; sourceTree = "<group>"; };
		DD0FFD2420B356A339C90948 /* Pods-WireViewer.debug.xcconfig */ = {isa = PBXFileReference; includeInIndex = 1; lastKnownFileType = text.xcconfig; name = "Pods-WireViewer.debug.xcconfig"; path = "Pods/Target Support Files/Pods-WireViewer/Pods-WireViewer.debug.xcconfig"; sourceTree = "<group>"; };
		E5A0FE0A5D1C3BA0D137B8E8 /* libPods-WireViewer.a */ = {isa = PBXFileReference; explicitFileType = archive.ar; includeInIndex = 0; path = "libPods-WireViewer.a"; sourceTree = BUILT_PRODUCTS_DIR; };
		F35850F795879D331B794D71 /* Pods-WireViewer.release.xcconfig */ = {isa = PBXFileReference; includeInIndex = 1; lastKnownFileType = text.xcconfig; name = "Pods-WireViewer.release.xcconfig"; path = "Pods/Target Support Files/Pods-WireViewer/Pods-WireViewer.release.xcconfig"; sourceTree = "<group>"; };
/* End PBXFileReference section */

/* Begin PBXFrameworksBuildPhase section */
		4BFAC5D720E84A9400CC331C /* Frameworks */ = {
			isa = PBXFrameworksBuildPhase;
			buildActionMask = 2147483647;
			files = (
				628CD7990E68C2B5609A0499 /* libPods-SimpsonsViewerOC.a in Frameworks */,
			);
			runOnlyForDeploymentPostprocessing = 0;
		};
		4BFB765C20D86CEF00F44CF8 /* Frameworks */ = {
			isa = PBXFrameworksBuildPhase;
			buildActionMask = 2147483647;
			files = (
				025E461CE97E70BBE95BAB7E /* libPods-SimpsonsViewer.a in Frameworks */,
			);
			runOnlyForDeploymentPostprocessing = 0;
		};
		4BFB767820D86D4700F44CF8 /* Frameworks */ = {
			isa = PBXFrameworksBuildPhase;
			buildActionMask = 2147483647;
			files = (
				2F55CC1CD8C04F5EE94B5132 /* libPods-WireViewer.a in Frameworks */,
			);
			runOnlyForDeploymentPostprocessing = 0;
		};
/* End PBXFrameworksBuildPhase section */

/* Begin PBXGroup section */
		4BFAC5B020E847FC00CC331C /* Swift */ = {
			isa = PBXGroup;
			children = (
				4BFB764720D86CAE00F44CF8 /* AppDelegate.swift */,
				4BFB764B20D86CAE00F44CF8 /* DetailViewController.swift */,
				4BADCCC920E854B0008DFD2C /* ObjCBridgingHeader.h */,
				4B4BA49A20E13483004042C1 /* DataMgr.swift */,
				4B1034E120D8776C00E77708 /* Consants.swift */,
				4B85209B20D951B9003C447B /* MasterViewController.swift */,
				4B3AC40D20D96E7D0062D12B /* MasterCollectionViewController.swift */,
				4B3AC41020D97B140062D12B /* MasterCollectionCells.swift */,
			);
			path = Swift;
			sourceTree = "<group>";
		};
		4BFAC5F420E84BAF00CC331C /* ObjectiveC */ = {
			isa = PBXGroup;
			children = (
				4B1CEDBD20E9201C00220669 /* Constants.h */,
				4B1CEDBB20E91FE200220669 /* Constants.m */,
				4BADCCCC20E85E6C008DFD2C /* DataMgr.h */,
				4BADCCCA20E85C3C008DFD2C /* DataMgr.m */,
				4BFAC5F520E84BAF00CC331C /* AppDelegate.h */,
				4BFAC5F920E84BAF00CC331C /* AppDelegate.m */,
				4BFAC5FC20E84BAF00CC331C /* DetailViewController.h */,
				4BFAC5F620E84BAF00CC331C /* DetailViewController.m */,
				4BFAC5F720E84BAF00CC331C /* MasterViewController.h */,
				4BFAC5FB20E84BAF00CC331C /* MasterViewController.m */,
				4B1CEDC020E92F7600220669 /* MasterCollectionViewController.h */,
				4B1CEDBE20E92E7700220669 /* MasterCollectionViewController.m */,
				4B1CEDC320E9343200220669 /* MasterCollectionCells.h */,
				4B1CEDC120E9340400220669 /* MasterCollectionCells.m */,
				4BFAC5F820E84BAF00CC331C /* main.m */,
			);
			path = ObjectiveC;
			sourceTree = "<group>";
		};
		4BFB763B20D86CAE00F44CF8 = {
			isa = PBXGroup;
			children = (
				4BFB768C20D8703600F44CF8 /* Default-568h@2x.png */,
				4BFB764620D86CAE00F44CF8 /* CodingExercise */,
				4BFB764520D86CAE00F44CF8 /* Products */,
				EC7E43E39DC0CCB954B261B4 /* Pods */,
				A2F3EEF99E7293C36B7673F0 /* Frameworks */,
			);
			sourceTree = "<group>";
		};
		4BFB764520D86CAE00F44CF8 /* Products */ = {
			isa = PBXGroup;
			children = (
				4BFB765F20D86CEF00F44CF8 /* SimpsonsViewer.app */,
				4BFB768020D86D4700F44CF8 /* WireViewer.app */,
				4BFAC5DA20E84A9400CC331C /* SimpsonsViewerOC.app */,
			);
			name = Products;
			sourceTree = "<group>";
		};
		4BFB764620D86CAE00F44CF8 /* CodingExercise */ = {
			isa = PBXGroup;
			children = (
				4BFAC5F420E84BAF00CC331C /* ObjectiveC */,
				4BFAC5B020E847FC00CC331C /* Swift */,
				4BFB764D20D86CAE00F44CF8 /* Main.storyboard */,
				4BFB765020D86CAF00F44CF8 /* Assets.xcassets */,
				4BFB765220D86CAF00F44CF8 /* LaunchScreen.storyboard */,
				4BFAC5FA20E84BAF00CC331C /* SimpsonsViewerOC.plist */,
				4B5B2E7D20D872280008050C /* SimpsonsViewer.plist */,
				4B5B2E7C20D872280008050C /* WireViewer.plist */,
			);
			path = CodingExercise;
			sourceTree = "<group>";
		};
		A2F3EEF99E7293C36B7673F0 /* Frameworks */ = {
			isa = PBXGroup;
			children = (
				9254F4EF13982E40DBAA10F9 /* libPods-SimpsonsViewer.a */,
				E5A0FE0A5D1C3BA0D137B8E8 /* libPods-WireViewer.a */,
				A30305886FA9E302C3B2C29C /* libPods-SimpsonsViewerOC.a */,
			);
			name = Frameworks;
			sourceTree = "<group>";
		};
		EC7E43E39DC0CCB954B261B4 /* Pods */ = {
			isa = PBXGroup;
			children = (
				7450EAF61C4CC8FDDF43F975 /* Pods-SimpsonsViewer.debug.xcconfig */,
				A44610EA78822013C2C9BD02 /* Pods-SimpsonsViewer.release.xcconfig */,
				DD0FFD2420B356A339C90948 /* Pods-WireViewer.debug.xcconfig */,
				F35850F795879D331B794D71 /* Pods-WireViewer.release.xcconfig */,
				8A742D851B5223D82F0E0F63 /* Pods-SimpsonsViewerOC.debug.xcconfig */,
				AB7CD5F299E65A8947734AE8 /* Pods-SimpsonsViewerOC.release.xcconfig */,
			);
			name = Pods;
			sourceTree = "<group>";
		};
/* End PBXGroup section */

/* Begin PBXNativeTarget section */
		4BFAC5D920E84A9400CC331C /* SimpsonsViewerOC */ = {
			isa = PBXNativeTarget;
			buildConfigurationList = 4BFAC5F020E84A9500CC331C /* Build configuration list for PBXNativeTarget "SimpsonsViewerOC" */;
			buildPhases = (
				8AE650DCD13E8FFD80908758 /* [CP] Check Pods Manifest.lock */,
				4BFAC5D620E84A9400CC331C /* Sources */,
				4BFAC5D720E84A9400CC331C /* Frameworks */,
				4BFAC5D820E84A9400CC331C /* Resources */,
			);
			buildRules = (
			);
			dependencies = (
			);
			name = SimpsonsViewerOC;
			productName = SimpsonsViewerOC;
			productReference = 4BFAC5DA20E84A9400CC331C /* SimpsonsViewerOC.app */;
			productType = "com.apple.product-type.application";
		};
		4BFB765E20D86CEF00F44CF8 /* SimpsonsViewer */ = {
			isa = PBXNativeTarget;
			buildConfigurationList = 4BFB767020D86CF000F44CF8 /* Build configuration list for PBXNativeTarget "SimpsonsViewer" */;
			buildPhases = (
				F23E31B465FA3F8B734CF7AC /* [CP] Check Pods Manifest.lock */,
				4BFB765B20D86CEF00F44CF8 /* Sources */,
				4BFB765C20D86CEF00F44CF8 /* Frameworks */,
				4BFB765D20D86CEF00F44CF8 /* Resources */,
			);
			buildRules = (
			);
			dependencies = (
			);
			name = SimpsonsViewer;
			productName = SimpsonsViewer;
			productReference = 4BFB765F20D86CEF00F44CF8 /* SimpsonsViewer.app */;
			productType = "com.apple.product-type.application";
		};
		4BFB767320D86D4700F44CF8 /* WireViewer */ = {
			isa = PBXNativeTarget;
			buildConfigurationList = 4BFB767D20D86D4700F44CF8 /* Build configuration list for PBXNativeTarget "WireViewer" */;
			buildPhases = (
				78BB3504124E74E7D3993664 /* [CP] Check Pods Manifest.lock */,
				4BFB767420D86D4700F44CF8 /* Sources */,
				4BFB767820D86D4700F44CF8 /* Frameworks */,
				4BFB767920D86D4700F44CF8 /* Resources */,
			);
			buildRules = (
			);
			dependencies = (
			);
			name = WireViewer;
			productName = SimpsonsViewer;
			productReference = 4BFB768020D86D4700F44CF8 /* WireViewer.app */;
			productType = "com.apple.product-type.application";
		};
/* End PBXNativeTarget section */

/* Begin PBXProject section */
		4BFB763C20D86CAE00F44CF8 /* Project object */ = {
			isa = PBXProject;
			attributes = {
				LastSwiftUpdateCheck = 0940;
				LastUpgradeCheck = 0940;
				ORGANIZATIONNAME = xfinity;
				TargetAttributes = {
					4BFAC5D920E84A9400CC331C = {
						CreatedOnToolsVersion = 9.4.1;
					};
					4BFB765E20D86CEF00F44CF8 = {
						CreatedOnToolsVersion = 9.4.1;
					};
				};
			};
			buildConfigurationList = 4BFB763F20D86CAE00F44CF8 /* Build configuration list for PBXProject "CodingExercise" */;
			compatibilityVersion = "Xcode 9.3";
			developmentRegion = en;
			hasScannedForEncodings = 0;
			knownRegions = (
				en,
				Base,
			);
			mainGroup = 4BFB763B20D86CAE00F44CF8;
			productRefGroup = 4BFB764520D86CAE00F44CF8 /* Products */;
			projectDirPath = "";
			projectRoot = "";
			targets = (
				4BFB765E20D86CEF00F44CF8 /* SimpsonsViewer */,
				4BFB767320D86D4700F44CF8 /* WireViewer */,
				4BFAC5D920E84A9400CC331C /* SimpsonsViewerOC */,
			);
		};
/* End PBXProject section */

/* Begin PBXResourcesBuildPhase section */
		4BFAC5D820E84A9400CC331C /* Resources */ = {
			isa = PBXResourcesBuildPhase;
			buildActionMask = 2147483647;
			files = (
				4BFAC60020E84BAF00CC331C /* SimpsonsViewerOC.plist in Resources */,
				4BFAC60420E84C2600CC331C /* LaunchScreen.storyboard in Resources */,
				4BFAC60320E84C2200CC331C /* Assets.xcassets in Resources */,
				4BFAC60520E84C2E00CC331C /* Default-568h@2x.png in Resources */,
				4BFAC60220E84C1E00CC331C /* Main.storyboard in Resources */,
			);
			runOnlyForDeploymentPostprocessing = 0;
		};
		4BFB765D20D86CEF00F44CF8 /* Resources */ = {
			isa = PBXResourcesBuildPhase;
			buildActionMask = 2147483647;
			files = (
				4BFB768A20D86F3F00F44CF8 /* LaunchScreen.storyboard in Resources */,
				4BFB768820D86F2900F44CF8 /* Main.storyboard in Resources */,
				4B383F0A20D8A64200708F6F /* Assets.xcassets in Resources */,
				4BFB768D20D8703600F44CF8 /* Default-568h@2x.png in Resources */,
			);
			runOnlyForDeploymentPostprocessing = 0;
		};
		4BFB767920D86D4700F44CF8 /* Resources */ = {
			isa = PBXResourcesBuildPhase;
			buildActionMask = 2147483647;
			files = (
				4BFB768B20D86F3F00F44CF8 /* LaunchScreen.storyboard in Resources */,
				4BFB768920D86F2A00F44CF8 /* Main.storyboard in Resources */,
				4B383F0B20D8A64300708F6F /* Assets.xcassets in Resources */,
				4BFB768E20D8703B00F44CF8 /* Default-568h@2x.png in Resources */,
			);
			runOnlyForDeploymentPostprocessing = 0;
		};
/* End PBXResourcesBuildPhase section */

/* Begin PBXShellScriptBuildPhase section */
		78BB3504124E74E7D3993664 /* [CP] Check Pods Manifest.lock */ = {
			isa = PBXShellScriptBuildPhase;
			buildActionMask = 2147483647;
			files = (
			);
			inputPaths = (
				"${PODS_PODFILE_DIR_PATH}/Podfile.lock",
				"${PODS_ROOT}/Manifest.lock",
			);
			name = "[CP] Check Pods Manifest.lock";
			outputPaths = (
				"$(DERIVED_FILE_DIR)/Pods-WireViewer-checkManifestLockResult.txt",
			);
			runOnlyForDeploymentPostprocessing = 0;
			shellPath = /bin/sh;
			shellScript = "diff \"${PODS_PODFILE_DIR_PATH}/Podfile.lock\" \"${PODS_ROOT}/Manifest.lock\" > /dev/null\nif [ $? != 0 ] ; then\n    # print error to STDERR\n    echo \"error: The sandbox is not in sync with the Podfile.lock. Run 'pod install' or update your CocoaPods installation.\" >&2\n    exit 1\nfi\n# This output is used by Xcode 'outputs' to avoid re-running this script phase.\necho \"SUCCESS\" > \"${SCRIPT_OUTPUT_FILE_0}\"\n";
			showEnvVarsInLog = 0;
		};
		8AE650DCD13E8FFD80908758 /* [CP] Check Pods Manifest.lock */ = {
			isa = PBXShellScriptBuildPhase;
			buildActionMask = 2147483647;
			files = (
			);
			inputPaths = (
				"${PODS_PODFILE_DIR_PATH}/Podfile.lock",
				"${PODS_ROOT}/Manifest.lock",
			);
			name = "[CP] Check Pods Manifest.lock";
			outputPaths = (
				"$(DERIVED_FILE_DIR)/Pods-SimpsonsViewerOC-checkManifestLockResult.txt",
			);
			runOnlyForDeploymentPostprocessing = 0;
			shellPath = /bin/sh;
			shellScript = "diff \"${PODS_PODFILE_DIR_PATH}/Podfile.lock\" \"${PODS_ROOT}/Manifest.lock\" > /dev/null\nif [ $? != 0 ] ; then\n    # print error to STDERR\n    echo \"error: The sandbox is not in sync with the Podfile.lock. Run 'pod install' or update your CocoaPods installation.\" >&2\n    exit 1\nfi\n# This output is used by Xcode 'outputs' to avoid re-running this script phase.\necho \"SUCCESS\" > \"${SCRIPT_OUTPUT_FILE_0}\"\n";
			showEnvVarsInLog = 0;
		};
		F23E31B465FA3F8B734CF7AC /* [CP] Check Pods Manifest.lock */ = {
			isa = PBXShellScriptBuildPhase;
			buildActionMask = 2147483647;
			files = (
			);
			inputPaths = (
				"${PODS_PODFILE_DIR_PATH}/Podfile.lock",
				"${PODS_ROOT}/Manifest.lock",
			);
			name = "[CP] Check Pods Manifest.lock";
			outputPaths = (
				"$(DERIVED_FILE_DIR)/Pods-SimpsonsViewer-checkManifestLockResult.txt",
			);
			runOnlyForDeploymentPostprocessing = 0;
			shellPath = /bin/sh;
			shellScript = "diff \"${PODS_PODFILE_DIR_PATH}/Podfile.lock\" \"${PODS_ROOT}/Manifest.lock\" > /dev/null\nif [ $? != 0 ] ; then\n    # print error to STDERR\n    echo \"error: The sandbox is not in sync with the Podfile.lock. Run 'pod install' or update your CocoaPods installation.\" >&2\n    exit 1\nfi\n# This output is used by Xcode 'outputs' to avoid re-running this script phase.\necho \"SUCCESS\" > \"${SCRIPT_OUTPUT_FILE_0}\"\n";
			showEnvVarsInLog = 0;
		};
/* End PBXShellScriptBuildPhase section */

/* Begin PBXSourcesBuildPhase section */
		4BFAC5D620E84A9400CC331C /* Sources */ = {
			isa = PBXSourcesBuildPhase;
			buildActionMask = 2147483647;
			files = (
				4BFAC5FD20E84BAF00CC331C /* DetailViewController.m in Sources */,
				4BADCCCB20E85C3C008DFD2C /* DataMgr.m in Sources */,
				4BFAC60120E84BAF00CC331C /* MasterViewController.m in Sources */,
				4BFAC5FE20E84BAF00CC331C /* main.m in Sources */,
				4BFAC5FF20E84BAF00CC331C /* AppDelegate.m in Sources */,
				4B1CEDC220E9340400220669 /* MasterCollectionCells.m in Sources */,
				4B1CEDBF20E92E7700220669 /* MasterCollectionViewController.m in Sources */,
				4B1CEDBC20E91FE200220669 /* Constants.m in Sources */,
			);
			runOnlyForDeploymentPostprocessing = 0;
		};
		4BFB765B20D86CEF00F44CF8 /* Sources */ = {
			isa = PBXSourcesBuildPhase;
			buildActionMask = 2147483647;
			files = (
				4B85209C20D951B9003C447B /* MasterViewController.swift in Sources */,
				4B3AC40E20D96E7D0062D12B /* MasterCollectionViewController.swift in Sources */,
				4BFB768220D86F1B00F44CF8 /* AppDelegate.swift in Sources */,
				4B1034E220D8776C00E77708 /* Consants.swift in Sources */,
				4B4BA49B20E13483004042C1 /* DataMgr.swift in Sources */,
				4BFB768620D86F2500F44CF8 /* DetailViewController.swift in Sources */,
				4B3AC41120D97B140062D12B /* MasterCollectionCells.swift in Sources */,
			);
			runOnlyForDeploymentPostprocessing = 0;
		};
		4BFB767420D86D4700F44CF8 /* Sources */ = {
			isa = PBXSourcesBuildPhase;
			buildActionMask = 2147483647;
			files = (
				4B85209D20D951B9003C447B /* MasterViewController.swift in Sources */,
				4B3AC40F20D96E7D0062D12B /* MasterCollectionViewController.swift in Sources */,
				4BFB768320D86F1C00F44CF8 /* AppDelegate.swift in Sources */,
				4B1034E320D8776C00E77708 /* Consants.swift in Sources */,
				4B4BA49C20E13483004042C1 /* DataMgr.swift in Sources */,
				4BFB768720D86F2500F44CF8 /* DetailViewController.swift in Sources */,
				4B3AC41220D97B140062D12B /* MasterCollectionCells.swift in Sources */,
			);
			runOnlyForDeploymentPostprocessing = 0;
		};
/* End PBXSourcesBuildPhase section */

/* Begin PBXVariantGroup section */
		4BFB764D20D86CAE00F44CF8 /* Main.storyboard */ = {
			isa = PBXVariantGroup;
			children = (
				4BFB764E20D86CAE00F44CF8 /* Base */,
			);
			name = Main.storyboard;
			sourceTree = "<group>";
		};
		4BFB765220D86CAF00F44CF8 /* LaunchScreen.storyboard */ = {
			isa = PBXVariantGroup;
			children = (
				4BFB765320D86CAF00F44CF8 /* Base */,
			);
			name = LaunchScreen.storyboard;
			sourceTree = "<group>";
		};
/* End PBXVariantGroup section */

/* Begin XCBuildConfiguration section */
		4BFAC5F120E84A9500CC331C /* Debug */ = {
			isa = XCBuildConfiguration;
			baseConfigurationReference = 8A742D851B5223D82F0E0F63 /* Pods-SimpsonsViewerOC.debug.xcconfig */;
			buildSettings = {
				ASSETCATALOG_COMPILER_APPICON_NAME = AppIcon;
				CODE_SIGN_STYLE = Automatic;
				DEVELOPMENT_TEAM = BB7XDTTD86;
				INFOPLIST_FILE = "$(SRCROOT)/CodingExercise/SimpsonsViewerOC.plist";
				LD_RUNPATH_SEARCH_PATHS = (
					"$(inherited)",
					"@executable_path/Frameworks",
				);
				PRODUCT_BUNDLE_IDENTIFIER = com.sammaffei..SimpsonsViewerOC;
				PRODUCT_NAME = "$(TARGET_NAME)";
				TARGETED_DEVICE_FAMILY = "1,2";
			};
			name = Debug;
		};
		4BFAC5F220E84A9500CC331C /* Release */ = {
			isa = XCBuildConfiguration;
			baseConfigurationReference = AB7CD5F299E65A8947734AE8 /* Pods-SimpsonsViewerOC.release.xcconfig */;
			buildSettings = {
				ASSETCATALOG_COMPILER_APPICON_NAME = AppIcon;
				CODE_SIGN_STYLE = Automatic;
				DEVELOPMENT_TEAM = BB7XDTTD86;
				INFOPLIST_FILE = "$(SRCROOT)/CodingExercise/SimpsonsViewerOC.plist";
				LD_RUNPATH_SEARCH_PATHS = (
					"$(inherited)",
					"@executable_path/Frameworks",
				);
				PRODUCT_BUNDLE_IDENTIFIER = com.sammaffei..SimpsonsViewerOC;
				PRODUCT_NAME = "$(TARGET_NAME)";
				TARGETED_DEVICE_FAMILY = "1,2";
			};
			name = Release;
		};
		4BFB765620D86CAF00F44CF8 /* Debug */ = {
			isa = XCBuildConfiguration;
			buildSettings = {
				ALWAYS_SEARCH_USER_PATHS = NO;
				CLANG_ANALYZER_NONNULL = YES;
				CLANG_ANALYZER_NUMBER_OBJECT_CONVERSION = YES_AGGRESSIVE;
				CLANG_CXX_LANGUAGE_STANDARD = "gnu++14";
				CLANG_CXX_LIBRARY = "libc++";
				CLANG_ENABLE_MODULES = YES;
				CLANG_ENABLE_OBJC_ARC = YES;
				CLANG_ENABLE_OBJC_WEAK = YES;
				CLANG_WARN_BLOCK_CAPTURE_AUTORELEASING = YES;
				CLANG_WARN_BOOL_CONVERSION = YES;
				CLANG_WARN_COMMA = YES;
				CLANG_WARN_CONSTANT_CONVERSION = YES;
				CLANG_WARN_DEPRECATED_OBJC_IMPLEMENTATIONS = YES;
				CLANG_WARN_DIRECT_OBJC_ISA_USAGE = YES_ERROR;
				CLANG_WARN_DOCUMENTATION_COMMENTS = YES;
				CLANG_WARN_EMPTY_BODY = YES;
				CLANG_WARN_ENUM_CONVERSION = YES;
				CLANG_WARN_INFINITE_RECURSION = YES;
				CLANG_WARN_INT_CONVERSION = YES;
				CLANG_WARN_NON_LITERAL_NULL_CONVERSION = YES;
				CLANG_WARN_OBJC_IMPLICIT_RETAIN_SELF = YES;
				CLANG_WARN_OBJC_LITERAL_CONVERSION = YES;
				CLANG_WARN_OBJC_ROOT_CLASS = YES_ERROR;
				CLANG_WARN_RANGE_LOOP_ANALYSIS = YES;
				CLANG_WARN_STRICT_PROTOTYPES = YES;
				CLANG_WARN_SUSPICIOUS_MOVE = YES;
				CLANG_WARN_UNGUARDED_AVAILABILITY = YES_AGGRESSIVE;
				CLANG_WARN_UNREACHABLE_CODE = YES;
				CLANG_WARN__DUPLICATE_METHOD_MATCH = YES;
				CODE_SIGN_IDENTITY = "iPhone Developer";
				COPY_PHASE_STRIP = NO;
				DEBUG_INFORMATION_FORMAT = dwarf;
				ENABLE_STRICT_OBJC_MSGSEND = YES;
				ENABLE_TESTABILITY = YES;
				GCC_C_LANGUAGE_STANDARD = gnu11;
				GCC_DYNAMIC_NO_PIC = NO;
				GCC_NO_COMMON_BLOCKS = YES;
				GCC_OPTIMIZATION_LEVEL = 0;
				GCC_PREPROCESSOR_DEFINITIONS = (
					"DEBUG=1",
					"$(inherited)",
				);
				GCC_WARN_64_TO_32_BIT_CONVERSION = YES;
				GCC_WARN_ABOUT_RETURN_TYPE = YES_ERROR;
				GCC_WARN_UNDECLARED_SELECTOR = YES;
				GCC_WARN_UNINITIALIZED_AUTOS = YES_AGGRESSIVE;
				GCC_WARN_UNUSED_FUNCTION = YES;
				GCC_WARN_UNUSED_VARIABLE = YES;
				IPHONEOS_DEPLOYMENT_TARGET = 11.4;
				MTL_ENABLE_DEBUG_INFO = YES;
				ONLY_ACTIVE_ARCH = YES;
				SDKROOT = iphoneos;
				SWIFT_ACTIVE_COMPILATION_CONDITIONS = DEBUG;
				SWIFT_OPTIMIZATION_LEVEL = "-Onone";
			};
			name = Debug;
		};
		4BFB765720D86CAF00F44CF8 /* Release */ = {
			isa = XCBuildConfiguration;
			buildSettings = {
				ALWAYS_SEARCH_USER_PATHS = NO;
				CLANG_ANALYZER_NONNULL = YES;
				CLANG_ANALYZER_NUMBER_OBJECT_CONVERSION = YES_AGGRESSIVE;
				CLANG_CXX_LANGUAGE_STANDARD = "gnu++14";
				CLANG_CXX_LIBRARY = "libc++";
				CLANG_ENABLE_MODULES = YES;
				CLANG_ENABLE_OBJC_ARC = YES;
				CLANG_ENABLE_OBJC_WEAK = YES;
				CLANG_WARN_BLOCK_CAPTURE_AUTORELEASING = YES;
				CLANG_WARN_BOOL_CONVERSION = YES;
				CLANG_WARN_COMMA = YES;
				CLANG_WARN_CONSTANT_CONVERSION = YES;
				CLANG_WARN_DEPRECATED_OBJC_IMPLEMENTATIONS = YES;
				CLANG_WARN_DIRECT_OBJC_ISA_USAGE = YES_ERROR;
				CLANG_WARN_DOCUMENTATION_COMMENTS = YES;
				CLANG_WARN_EMPTY_BODY = YES;
				CLANG_WARN_ENUM_CONVERSION = YES;
				CLANG_WARN_INFINITE_RECURSION = YES;
				CLANG_WARN_INT_CONVERSION = YES;
				CLANG_WARN_NON_LITERAL_NULL_CONVERSION = YES;
				CLANG_WARN_OBJC_IMPLICIT_RETAIN_SELF = YES;
				CLANG_WARN_OBJC_LITERAL_CONVERSION = YES;
				CLANG_WARN_OBJC_ROOT_CLASS = YES_ERROR;
				CLANG_WARN_RANGE_LOOP_ANALYSIS = YES;
				CLANG_WARN_STRICT_PROTOTYPES = YES;
				CLANG_WARN_SUSPICIOUS_MOVE = YES;
				CLANG_WARN_UNGUARDED_AVAILABILITY = YES_AGGRESSIVE;
				CLANG_WARN_UNREACHABLE_CODE = YES;
				CLANG_WARN__DUPLICATE_METHOD_MATCH = YES;
				CODE_SIGN_IDENTITY = "iPhone Developer";
				COPY_PHASE_STRIP = NO;
				DEBUG_INFORMATION_FORMAT = "dwarf-with-dsym";
				ENABLE_NS_ASSERTIONS = NO;
				ENABLE_STRICT_OBJC_MSGSEND = YES;
				GCC_C_LANGUAGE_STANDARD = gnu11;
				GCC_NO_COMMON_BLOCKS = YES;
				GCC_WARN_64_TO_32_BIT_CONVERSION = YES;
				GCC_WARN_ABOUT_RETURN_TYPE = YES_ERROR;
				GCC_WARN_UNDECLARED_SELECTOR = YES;
				GCC_WARN_UNINITIALIZED_AUTOS = YES_AGGRESSIVE;
				GCC_WARN_UNUSED_FUNCTION = YES;
				GCC_WARN_UNUSED_VARIABLE = YES;
				IPHONEOS_DEPLOYMENT_TARGET = 11.4;
				MTL_ENABLE_DEBUG_INFO = NO;
				SDKROOT = iphoneos;
				SWIFT_COMPILATION_MODE = wholemodule;
				SWIFT_OPTIMIZATION_LEVEL = "-O";
				VALIDATE_PRODUCT = YES;
			};
			name = Release;
		};
		4BFB767120D86CF000F44CF8 /* Debug */ = {
			isa = XCBuildConfiguration;
			baseConfigurationReference = 7450EAF61C4CC8FDDF43F975 /* Pods-SimpsonsViewer.debug.xcconfig */;
			buildSettings = {
				ASSETCATALOG_COMPILER_APPICON_NAME = AppIcon;
				CODE_SIGN_STYLE = Automatic;
				DEVELOPMENT_TEAM = BB7XDTTD86;
				INFOPLIST_FILE = ./SimpsonsViewer.plist;
				LD_RUNPATH_SEARCH_PATHS = (
					"$(inherited)",
					"@executable_path/Frameworks",
				);
				PRODUCT_BUNDLE_IDENTIFIER = com.xfinity.simpsonsviewer;
				PRODUCT_NAME = "$(TARGET_NAME)";
				SWIFT_ACTIVE_COMPILATION_CONDITIONS = "SIMPSONSVIEWERAPP DEBUG";
				SWIFT_OBJC_BRIDGING_HEADER = CodingExercise/Swift/ObjCBridgingHeader.h;
				SWIFT_VERSION = 4.0;
				TARGETED_DEVICE_FAMILY = "1,2";
			};
			name = Debug;
		};
		4BFB767220D86CF000F44CF8 /* Release */ = {
			isa = XCBuildConfiguration;
			baseConfigurationReference = A44610EA78822013C2C9BD02 /* Pods-SimpsonsViewer.release.xcconfig */;
			buildSettings = {
				ASSETCATALOG_COMPILER_APPICON_NAME = AppIcon;
				CODE_SIGN_STYLE = Automatic;
				DEVELOPMENT_TEAM = BB7XDTTD86;
				INFOPLIST_FILE = ./SimpsonsViewer.plist;
				LD_RUNPATH_SEARCH_PATHS = (
					"$(inherited)",
					"@executable_path/Frameworks",
				);
				PRODUCT_BUNDLE_IDENTIFIER = com.xfinity.simpsonsviewer;
				PRODUCT_NAME = "$(TARGET_NAME)";
				SWIFT_ACTIVE_COMPILATION_CONDITIONS = SIMPSONSVIEWERAPP;
				SWIFT_OBJC_BRIDGING_HEADER = CodingExercise/Swift/ObjCBridgingHeader.h;
				SWIFT_VERSION = 4.0;
				TARGETED_DEVICE_FAMILY = "1,2";
			};
			name = Release;
		};
		4BFB767E20D86D4700F44CF8 /* Debug */ = {
			isa = XCBuildConfiguration;
			baseConfigurationReference = DD0FFD2420B356A339C90948 /* Pods-WireViewer.debug.xcconfig */;
			buildSettings = {
				ASSETCATALOG_COMPILER_APPICON_NAME = AppIcon;
				CODE_SIGN_STYLE = Automatic;
				DEVELOPMENT_TEAM = BB7XDTTD86;
				INFOPLIST_FILE = ./WireViewer.plist;
				LD_RUNPATH_SEARCH_PATHS = (
					"$(inherited)",
					"@executable_path/Frameworks",
				);
				PRODUCT_BUNDLE_IDENTIFIER = com.xfinity.wireviewer;
				PRODUCT_NAME = "$(TARGET_NAME)";
				SWIFT_ACTIVE_COMPILATION_CONDITIONS = "WIREVIEWERAPP DEBUG";
				SWIFT_OBJC_BRIDGING_HEADER = CodingExercise/Swift/ObjCBridgingHeader.h;
				SWIFT_VERSION = 4.0;
				TARGETED_DEVICE_FAMILY = "1,2";
			};
			name = Debug;
		};
		4BFB767F20D86D4700F44CF8 /* Release */ = {
			isa = XCBuildConfiguration;
			baseConfigurationReference = F35850F795879D331B794D71 /* Pods-WireViewer.release.xcconfig */;
			buildSettings = {
				ASSETCATALOG_COMPILER_APPICON_NAME = AppIcon;
				CODE_SIGN_STYLE = Automatic;
				DEVELOPMENT_TEAM = BB7XDTTD86;
				INFOPLIST_FILE = ./WireViewer.plist;
				LD_RUNPATH_SEARCH_PATHS = (
					"$(inherited)",
					"@executable_path/Frameworks",
				);
				PRODUCT_BUNDLE_IDENTIFIER = com.xfinity.wireviewer;
				PRODUCT_NAME = "$(TARGET_NAME)";
				SWIFT_ACTIVE_COMPILATION_CONDITIONS = WIREVIEWERAPP;
				SWIFT_OBJC_BRIDGING_HEADER = CodingExercise/Swift/ObjCBridgingHeader.h;
				SWIFT_VERSION = 4.0;
				TARGETED_DEVICE_FAMILY = "1,2";
			};
			name = Release;
		};
/* End XCBuildConfiguration section */

/* Begin XCConfigurationList section */
		4BFAC5F020E84A9500CC331C /* Build configuration list for PBXNativeTarget "SimpsonsViewerOC" */ = {
			isa = XCConfigurationList;
			buildConfigurations = (
				4BFAC5F120E84A9500CC331C /* Debug */,
				4BFAC5F220E84A9500CC331C /* Release */,
			);
			defaultConfigurationIsVisible = 0;
			defaultConfigurationName = Release;
		};
		4BFB763F20D86CAE00F44CF8 /* Build configuration list for PBXProject "CodingExercise" */ = {
			isa = XCConfigurationList;
			buildConfigurations = (
				4BFB765620D86CAF00F44CF8 /* Debug */,
				4BFB765720D86CAF00F44CF8 /* Release */,
			);
			defaultConfigurationIsVisible = 0;
			defaultConfigurationName = Release;
		};
		4BFB767020D86CF000F44CF8 /* Build configuration list for PBXNativeTarget "SimpsonsViewer" */ = {
			isa = XCConfigurationList;
			buildConfigurations = (
				4BFB767120D86CF000F44CF8 /* Debug */,
				4BFB767220D86CF000F44CF8 /* Release */,
			);
			defaultConfigurationIsVisible = 0;
			defaultConfigurationName = Release;
		};
		4BFB767D20D86D4700F44CF8 /* Build configuration list for PBXNativeTarget "WireViewer" */ = {
			isa = XCConfigurationList;
			buildConfigurations = (
				4BFB767E20D86D4700F44CF8 /* Debug */,
				4BFB767F20D86D4700F44CF8 /* Release */,
			);
			defaultConfigurationIsVisible = 0;
			defaultConfigurationName = Release;
		};
/* End XCConfigurationList section */
	};
	rootObject = 4BFB763C20D86CAE00F44CF8 /* Project object */;
}
